
Microsoft Visual Studio Solution File, Format Version 12.00
# Visual Studio 2013
VisualStudioVersion = 12.0.31101.0
MinimumVisualStudioVersion = 10.0.40219.1
Project("{2150E333-8FDC-42A3-9474-1A3956D46DE8}") = "1 - Presentation", "1 - Presentation", "{D216B798-F9E3-46F6-8817-BF44F51B3830}"
EndProject
Project("{2150E333-8FDC-42A3-9474-1A3956D46DE8}") = "2 - Application", "2 - Application", "{757BF071-DF29-4D79-9651-B57880F230D9}"
EndProject
Project("{2150E333-8FDC-42A3-9474-1A3956D46DE8}") = "3 - Domain", "3 - Domain", "{6C1A097B-A3EE-4D85-B50F-F7368412E6B5}"
EndProject
Project("{2150E333-8FDC-42A3-9474-1A3956D46DE8}") = "4 - Infra", "4 - Infra", "{D392C2EA-3C86-4A47-9CB9-A88803E457EB}"
EndProject
Project("{2150E333-8FDC-42A3-9474-1A3956D46DE8}") = "4.1 - Data", "4.1 - Data", "{467DA34A-56D5-45DA-A5F2-D57ADE4FC18C}"
EndProject
Project("{2150E333-8FDC-42A3-9474-1A3956D46DE8}") = "4.2 - CrossCuting", "4.2 - CrossCuting", "{F5FF49D1-370C-4524-A7E7-86E44E0F2856}"
EndProject
Project("{2150E333-8FDC-42A3-9474-1A3956D46DE8}") = "4.3 - Identity", "4.3 - Identity", "{010A8349-FFBD-4199-A89C-55F071BAFECE}"
EndProject
Project("{FAE04EC0-301F-11D3-BF4B-00C04F79EFBC}") = "TutorialAspNetIdentity.Data", "TutorialAspNetIdentity.Data\TutorialAspNetIdentity.Data.csproj", "{76DD2F82-5C5A-4759-BA51-D97084F497A0}"
EndProject
Project("{FAE04EC0-301F-11D3-BF4B-00C04F79EFBC}") = "TutorialAspNetIdentity.Domain", "TutorialAspNetIdentity.Domain\TutorialAspNetIdentity.Domain.csproj", "{C7FDD9FB-B5E9-4A84-9777-E99895C91D75}"
EndProject
Project("{FAE04EC0-301F-11D3-BF4B-00C04F79EFBC}") = "TutorialAspNetIdentity.App", "TutorialAspNetIdentity.App\TutorialAspNetIdentity.App.csproj", "{E758113C-55FE-4F76-B0D7-11A9412B582A}"
EndProject
Project("{FAE04EC0-301F-11D3-BF4B-00C04F79EFBC}") = "TutorialAspNetIdentity.Security", "TutorialAspNetIdentity.Security\TutorialAspNetIdentity.Security.csproj", "{E65EA0B5-A57A-4C5F-A919-948A7D0F598E}"
EndProject
Project("{FAE04EC0-301F-11D3-BF4B-00C04F79EFBC}") = "TutorialAspNetIdentity.CrossCuting.IoC", "TutorialAspNetIdentity.CrossCuting.IoC\TutorialAspNetIdentity.CrossCuting.IoC.csproj", "{2E2D2ABC-4C84-480A-9C29-B7433E34437F}"
EndProject
Project("{FAE04EC0-301F-11D3-BF4B-00C04F79EFBC}") = "TutorialAspNetIdentity.Web", "TutorialAspNetIdentity.Web\TutorialAspNetIdentity.Web.csproj", "{E78B577A-24F4-4F1B-8FDF-F09B1083EF2B}"
EndProject
Global
	GlobalSection(SolutionConfigurationPlatforms) = preSolution
		Debug|Any CPU = Debug|Any CPU
		Release|Any CPU = Release|Any CPU
	EndGlobalSection
	GlobalSection(ProjectConfigurationPlatforms) = postSolution
		{76DD2F82-5C5A-4759-BA51-D97084F497A0}.Debug|Any CPU.ActiveCfg = Debug|Any CPU
		{76DD2F82-5C5A-4759-BA51-D97084F497A0}.Debug|Any CPU.Build.0 = Debug|Any CPU
		{76DD2F82-5C5A-4759-BA51-D97084F497A0}.Release|Any CPU.ActiveCfg = Release|Any CPU
		{76DD2F82-5C5A-4759-BA51-D97084F497A0}.Release|Any CPU.Build.0 = Release|Any CPU
		{C7FDD9FB-B5E9-4A84-9777-E99895C91D75}.Debug|Any CPU.ActiveCfg = Debug|Any CPU
		{C7FDD9FB-B5E9-4A84-9777-E99895C91D75}.Debug|Any CPU.Build.0 = Debug|Any CPU
		{C7FDD9FB-B5E9-4A84-9777-E99895C91D75}.Release|Any CPU.ActiveCfg = Release|Any CPU
		{C7FDD9FB-B5E9-4A84-9777-E99895C91D75}.Release|Any CPU.Build.0 = Release|Any CPU
		{E758113C-55FE-4F76-B0D7-11A9412B582A}.Debug|Any CPU.ActiveCfg = Debug|Any CPU
		{E758113C-55FE-4F76-B0D7-11A9412B582A}.Debug|Any CPU.Build.0 = Debug|Any CPU
		{E758113C-55FE-4F76-B0D7-11A9412B582A}.Release|Any CPU.ActiveCfg = Release|Any CPU
		{E758113C-55FE-4F76-B0D7-11A9412B582A}.Release|Any CPU.Build.0 = Release|Any CPU
		{E65EA0B5-A57A-4C5F-A919-948A7D0F598E}.Debug|Any CPU.ActiveCfg = Debug|Any CPU
		{E65EA0B5-A57A-4C5F-A919-948A7D0F598E}.Debug|Any CPU.Build.0 = Debug|Any CPU
		{E65EA0B5-A57A-4C5F-A919-948A7D0F598E}.Release|Any CPU.ActiveCfg = Release|Any CPU
		{E65EA0B5-A57A-4C5F-A919-948A7D0F598E}.Release|Any CPU.Build.0 = Release|Any CPU
		{2E2D2ABC-4C84-480A-9C29-B7433E34437F}.Debug|Any CPU.ActiveCfg = Debug|Any CPU
		{2E2D2ABC-4C84-480A-9C29-B7433E34437F}.Debug|Any CPU.Build.0 = Debug|Any CPU
		{2E2D2ABC-4C84-480A-9C29-B7433E34437F}.Release|Any CPU.ActiveCfg = Release|Any CPU
		{2E2D2ABC-4C84-480A-9C29-B7433E34437F}.Release|Any CPU.Build.0 = Release|Any CPU
		{E78B577A-24F4-4F1B-8FDF-F09B1083EF2B}.Debug|Any CPU.ActiveCfg = Debug|Any CPU
		{E78B577A-24F4-4F1B-8FDF-F09B1083EF2B}.Debug|Any CPU.Build.0 = Debug|Any CPU
		{E78B577A-24F4-4F1B-8FDF-F09B1083EF2B}.Release|Any CPU.ActiveCfg = Release|Any CPU
		{E78B577A-24F4-4F1B-8FDF-F09B1083EF2B}.Release|Any CPU.Build.0 = Release|Any CPU
	EndGlobalSection
	GlobalSection(SolutionProperties) = preSolution
		HideSolutionNode = FALSE
	EndGlobalSection
	GlobalSection(NestedProjects) = preSolution
		{467DA34A-56D5-45DA-A5F2-D57ADE4FC18C} = {D392C2EA-3C86-4A47-9CB9-A88803E457EB}
		{F5FF49D1-370C-4524-A7E7-86E44E0F2856} = {D392C2EA-3C86-4A47-9CB9-A88803E457EB}
		{010A8349-FFBD-4199-A89C-55F071BAFECE} = {D392C2EA-3C86-4A47-9CB9-A88803E457EB}
		{76DD2F82-5C5A-4759-BA51-D97084F497A0} = {467DA34A-56D5-45DA-A5F2-D57ADE4FC18C}
		{C7FDD9FB-B5E9-4A84-9777-E99895C91D75} = {6C1A097B-A3EE-4D85-B50F-F7368412E6B5}
		{E758113C-55FE-4F76-B0D7-11A9412B582A} = {757BF071-DF29-4D79-9651-B57880F230D9}
		{E65EA0B5-A57A-4C5F-A919-948A7D0F598E} = {010A8349-FFBD-4199-A89C-55F071BAFECE}
		{2E2D2ABC-4C84-480A-9C29-B7433E34437F} = {F5FF49D1-370C-4524-A7E7-86E44E0F2856}
		{E78B577A-24F4-4F1B-8FDF-F09B1083EF2B} = {D216B798-F9E3-46F6-8817-BF44F51B3830}
	EndGlobalSection
EndGlobal
